
Microsoft Visual Studio Solution File, Format Version 12.00
# Visual Studio Version 17
VisualStudioVersion = 17.0.32112.339
MinimumVisualStudioVersion = 10.0.40219.1
Project("{FAE04EC0-301F-11D3-BF4B-00C04F79EFBC}") = "Projection", "Projection\Projection.csproj", "{63AC612B-F7B7-4419-ADDE-A37543CDEA38}"
EndProject
Global
	GlobalSection(SolutionConfigurationPlatforms) = preSolution
		Debug|Any CPU = Debug|Any CPU
		Release|Any CPU = Release|Any CPU
	EndGlobalSection
	GlobalSection(ProjectConfigurationPlatforms) = postSolution
		{63AC612B-F7B7-4419-ADDE-A37543CDEA38}.Debug|Any CPU.ActiveCfg = Debug|Any CPU
		{63AC612B-F7B7-4419-ADDE-A37543CDEA38}.Debug|Any CPU.Build.0 = Debug|Any CPU
		{63AC612B-F7B7-4419-ADDE-A37543CDEA38}.Release|Any CPU.ActiveCfg = Release|Any CPU
		{63AC612B-F7B7-4419-ADDE-A37543CDEA38}.Release|Any CPU.Build.0 = Release|Any CPU
	EndGlobalSection
	GlobalSection(SolutionProperties) = preSolution
		HideSolutionNode = FALSE
	EndGlobalSection
	GlobalSection(ExtensibilityGlobals) = postSolution
		SolutionGuid = {5B44B700-6047-4838-A291-0FB8BF6951C8}
	EndGlobalSection
EndGlobal
