
Microsoft Visual Studio Solution File, Format Version 12.00
# Visual Studio Version 17
VisualStudioVersion = 17.0.32112.339
MinimumVisualStudioVersion = 10.0.40219.1
Project("{9A19103F-16F7-4668-BE54-9A1E7A4F7556}") = "1. Projection", "1. Projection\1. Projection.csproj", "{63AC612B-F7B7-4419-ADDE-A37543CDEA38}"
EndProject
Project("{9A19103F-16F7-4668-BE54-9A1E7A4F7556}") = "2. Filtering", "2. Filtering\2. Filtering.csproj", "{717E4A1B-5932-49DA-84A8-429A3206B112}"
EndProject
Project("{9A19103F-16F7-4668-BE54-9A1E7A4F7556}") = "ClassLibrary", "ClassLibrary\ClassLibrary.csproj", "{CF4C4FE6-1451-4D43-B9FD-FC031DA910C2}"
EndProject
Project("{9A19103F-16F7-4668-BE54-9A1E7A4F7556}") = "3. Sorting", "3. Sorting\3. Sorting.csproj", "{DA6B5414-72B2-4D99-8678-EAE68FFE933A}"
EndProject
Project("{9A19103F-16F7-4668-BE54-9A1E7A4F7556}") = "4. Grouping", "4. Grouping\4. Grouping.csproj", "{BC43CB8A-F993-4829-BB9C-C8FEF0748E60}"
EndProject
Project("{9A19103F-16F7-4668-BE54-9A1E7A4F7556}") = "5. Joining", "5. Joining\5. Joining.csproj", "{F6112633-DA86-4006-A805-77EBA3F5D55D}"
EndProject
Project("{9A19103F-16F7-4668-BE54-9A1E7A4F7556}") = "6. Other", "6. Other\6. Other.csproj", "{9579E352-1C50-49AE-B143-7CB3BD808C73}"
EndProject
Project("{FAE04EC0-301F-11D3-BF4B-00C04F79EFBC}") = "WebAPI", "WebAPI\WebAPI.csproj", "{596E5BDC-074B-40D8-9792-A999E55C9DD4}"
EndProject
Global
	GlobalSection(SolutionConfigurationPlatforms) = preSolution
		Debug|Any CPU = Debug|Any CPU
		Release|Any CPU = Release|Any CPU
	EndGlobalSection
	GlobalSection(ProjectConfigurationPlatforms) = postSolution
		{63AC612B-F7B7-4419-ADDE-A37543CDEA38}.Debug|Any CPU.ActiveCfg = Debug|Any CPU
		{63AC612B-F7B7-4419-ADDE-A37543CDEA38}.Debug|Any CPU.Build.0 = Debug|Any CPU
		{63AC612B-F7B7-4419-ADDE-A37543CDEA38}.Release|Any CPU.ActiveCfg = Release|Any CPU
		{63AC612B-F7B7-4419-ADDE-A37543CDEA38}.Release|Any CPU.Build.0 = Release|Any CPU
		{717E4A1B-5932-49DA-84A8-429A3206B112}.Debug|Any CPU.ActiveCfg = Debug|Any CPU
		{717E4A1B-5932-49DA-84A8-429A3206B112}.Debug|Any CPU.Build.0 = Debug|Any CPU
		{717E4A1B-5932-49DA-84A8-429A3206B112}.Release|Any CPU.ActiveCfg = Release|Any CPU
		{717E4A1B-5932-49DA-84A8-429A3206B112}.Release|Any CPU.Build.0 = Release|Any CPU
		{CF4C4FE6-1451-4D43-B9FD-FC031DA910C2}.Debug|Any CPU.ActiveCfg = Debug|Any CPU
		{CF4C4FE6-1451-4D43-B9FD-FC031DA910C2}.Debug|Any CPU.Build.0 = Debug|Any CPU
		{CF4C4FE6-1451-4D43-B9FD-FC031DA910C2}.Release|Any CPU.ActiveCfg = Release|Any CPU
		{CF4C4FE6-1451-4D43-B9FD-FC031DA910C2}.Release|Any CPU.Build.0 = Release|Any CPU
		{DA6B5414-72B2-4D99-8678-EAE68FFE933A}.Debug|Any CPU.ActiveCfg = Debug|Any CPU
		{DA6B5414-72B2-4D99-8678-EAE68FFE933A}.Debug|Any CPU.Build.0 = Debug|Any CPU
		{DA6B5414-72B2-4D99-8678-EAE68FFE933A}.Release|Any CPU.ActiveCfg = Release|Any CPU
		{DA6B5414-72B2-4D99-8678-EAE68FFE933A}.Release|Any CPU.Build.0 = Release|Any CPU
		{BC43CB8A-F993-4829-BB9C-C8FEF0748E60}.Debug|Any CPU.ActiveCfg = Debug|Any CPU
		{BC43CB8A-F993-4829-BB9C-C8FEF0748E60}.Debug|Any CPU.Build.0 = Debug|Any CPU
		{BC43CB8A-F993-4829-BB9C-C8FEF0748E60}.Release|Any CPU.ActiveCfg = Release|Any CPU
		{BC43CB8A-F993-4829-BB9C-C8FEF0748E60}.Release|Any CPU.Build.0 = Release|Any CPU
		{F6112633-DA86-4006-A805-77EBA3F5D55D}.Debug|Any CPU.ActiveCfg = Debug|Any CPU
		{F6112633-DA86-4006-A805-77EBA3F5D55D}.Debug|Any CPU.Build.0 = Debug|Any CPU
		{F6112633-DA86-4006-A805-77EBA3F5D55D}.Release|Any CPU.ActiveCfg = Release|Any CPU
		{F6112633-DA86-4006-A805-77EBA3F5D55D}.Release|Any CPU.Build.0 = Release|Any CPU
		{9579E352-1C50-49AE-B143-7CB3BD808C73}.Debug|Any CPU.ActiveCfg = Debug|Any CPU
		{9579E352-1C50-49AE-B143-7CB3BD808C73}.Debug|Any CPU.Build.0 = Debug|Any CPU
		{9579E352-1C50-49AE-B143-7CB3BD808C73}.Release|Any CPU.ActiveCfg = Release|Any CPU
		{9579E352-1C50-49AE-B143-7CB3BD808C73}.Release|Any CPU.Build.0 = Release|Any CPU
		{596E5BDC-074B-40D8-9792-A999E55C9DD4}.Debug|Any CPU.ActiveCfg = Debug|Any CPU
		{596E5BDC-074B-40D8-9792-A999E55C9DD4}.Debug|Any CPU.Build.0 = Debug|Any CPU
		{596E5BDC-074B-40D8-9792-A999E55C9DD4}.Release|Any CPU.ActiveCfg = Release|Any CPU
		{596E5BDC-074B-40D8-9792-A999E55C9DD4}.Release|Any CPU.Build.0 = Release|Any CPU
	EndGlobalSection
	GlobalSection(SolutionProperties) = preSolution
		HideSolutionNode = FALSE
	EndGlobalSection
	GlobalSection(ExtensibilityGlobals) = postSolution
		SolutionGuid = {5B44B700-6047-4838-A291-0FB8BF6951C8}
	EndGlobalSection
EndGlobal
